{
  "name": "SIS",
  "version": "1.0.11",
  "dependencies": {
    "async": {
      "version": "0.9.0",
      "from": "https://registry.npmjs.org/async/-/async-0.9.0.tgz",
      "resolved": "https://registry.npmjs.org/async/-/async-0.9.0.tgz"
    },
    "bluebird": {
      "version": "2.1.3",
      "from": "bluebird@2.1.3",
      "resolved": "https://registry.npmjs.org/bluebird/-/bluebird-2.1.3.tgz"
    },
    "body-parser": {
      "version": "1.4.3",
      "from": "https://registry.npmjs.org/body-parser/-/body-parser-1.4.3.tgz",
      "resolved": "https://registry.npmjs.org/body-parser/-/body-parser-1.4.3.tgz",
      "dependencies": {
        "bytes": {
          "version": "1.0.0",
          "from": "bytes@1.0.0"
        },
        "depd": {
          "version": "0.3.0",
          "from": "https://registry.npmjs.org/depd/-/depd-0.3.0.tgz",
          "resolved": "https://registry.npmjs.org/depd/-/depd-0.3.0.tgz"
        },
        "iconv-lite": {
          "version": "0.4.3",
          "from": "https://registry.npmjs.org/iconv-lite/-/iconv-lite-0.4.3.tgz",
          "resolved": "https://registry.npmjs.org/iconv-lite/-/iconv-lite-0.4.3.tgz"
        },
        "media-typer": {
          "version": "0.2.0",
          "from": "https://registry.npmjs.org/media-typer/-/media-typer-0.2.0.tgz",
          "resolved": "https://registry.npmjs.org/media-typer/-/media-typer-0.2.0.tgz"
        },
        "qs": {
          "version": "0.6.6",
          "from": "https://registry.npmjs.org/qs/-/qs-0.6.6.tgz",
          "resolved": "https://registry.npmjs.org/qs/-/qs-0.6.6.tgz"
        },
        "type-is": {
          "version": "1.3.1",
          "from": "https://registry.npmjs.org/type-is/-/type-is-1.3.1.tgz",
          "resolved": "https://registry.npmjs.org/type-is/-/type-is-1.3.1.tgz",
          "dependencies": {
            "mime-types": {
              "version": "1.0.0",
              "from": "https://registry.npmjs.org/mime-types/-/mime-types-1.0.0.tgz",
              "resolved": "https://registry.npmjs.org/mime-types/-/mime-types-1.0.0.tgz"
            }
          }
        }
      }
    },
    "express": {
      "version": "4.4.4",
      "from": "https://registry.npmjs.org/express/-/express-4.4.4.tgz",
      "resolved": "https://registry.npmjs.org/express/-/express-4.4.4.tgz",
      "dependencies": {
        "accepts": {
          "version": "1.0.6",
          "from": "https://registry.npmjs.org/accepts/-/accepts-1.0.6.tgz",
          "resolved": "https://registry.npmjs.org/accepts/-/accepts-1.0.6.tgz",
          "dependencies": {
            "mime-types": {
              "version": "1.0.1",
              "from": "https://registry.npmjs.org/mime-types/-/mime-types-1.0.1.tgz",
              "resolved": "https://registry.npmjs.org/mime-types/-/mime-types-1.0.1.tgz"
            },
            "negotiator": {
              "version": "0.4.7",
              "from": "https://registry.npmjs.org/negotiator/-/negotiator-0.4.7.tgz",
              "resolved": "https://registry.npmjs.org/negotiator/-/negotiator-0.4.7.tgz"
            }
          }
        },
        "buffer-crc32": {
          "version": "0.2.3",
          "from": "https://registry.npmjs.org/buffer-crc32/-/buffer-crc32-0.2.3.tgz",
          "resolved": "https://registry.npmjs.org/buffer-crc32/-/buffer-crc32-0.2.3.tgz"
        },
        "debug": {
          "version": "1.0.2",
          "from": "https://registry.npmjs.org/debug/-/debug-1.0.2.tgz",
          "resolved": "https://registry.npmjs.org/debug/-/debug-1.0.2.tgz",
          "dependencies": {
            "ms": {
              "version": "0.6.2",
              "from": "https://registry.npmjs.org/ms/-/ms-0.6.2.tgz",
              "resolved": "https://registry.npmjs.org/ms/-/ms-0.6.2.tgz"
            }
          }
        },
        "escape-html": {
          "version": "1.0.1",
          "from": "https://registry.npmjs.org/escape-html/-/escape-html-1.0.1.tgz",
          "resolved": "https://registry.npmjs.org/escape-html/-/escape-html-1.0.1.tgz"
        },
        "methods": {
          "version": "1.0.1",
          "from": "https://registry.npmjs.org/methods/-/methods-1.0.1.tgz",
          "resolved": "https://registry.npmjs.org/methods/-/methods-1.0.1.tgz"
        },
        "parseurl": {
          "version": "1.0.1",
          "from": "https://registry.npmjs.org/parseurl/-/parseurl-1.0.1.tgz",
          "resolved": "https://registry.npmjs.org/parseurl/-/parseurl-1.0.1.tgz"
        },
        "proxy-addr": {
          "version": "1.0.1",
          "from": "https://registry.npmjs.org/proxy-addr/-/proxy-addr-1.0.1.tgz",
          "resolved": "https://registry.npmjs.org/proxy-addr/-/proxy-addr-1.0.1.tgz",
          "dependencies": {
            "ipaddr.js": {
              "version": "0.1.2",
              "from": "https://registry.npmjs.org/ipaddr.js/-/ipaddr.js-0.1.2.tgz",
              "resolved": "https://registry.npmjs.org/ipaddr.js/-/ipaddr.js-0.1.2.tgz"
            }
          }
        },
        "range-parser": {
          "version": "1.0.0",
          "from": "https://registry.npmjs.org/range-parser/-/range-parser-1.0.0.tgz",
          "resolved": "https://registry.npmjs.org/range-parser/-/range-parser-1.0.0.tgz"
        },
        "send": {
          "version": "0.4.3",
          "from": "https://registry.npmjs.org/send/-/send-0.4.3.tgz",
          "resolved": "https://registry.npmjs.org/send/-/send-0.4.3.tgz",
          "dependencies": {
            "finished": {
              "version": "1.2.2",
              "from": "https://registry.npmjs.org/finished/-/finished-1.2.2.tgz",
              "resolved": "https://registry.npmjs.org/finished/-/finished-1.2.2.tgz",
              "dependencies": {
                "ee-first": {
                  "version": "1.0.3",
                  "from": "https://registry.npmjs.org/ee-first/-/ee-first-1.0.3.tgz",
                  "resolved": "https://registry.npmjs.org/ee-first/-/ee-first-1.0.3.tgz"
                }
              }
            },
            "mime": {
              "version": "1.2.11",
              "from": "https://registry.npmjs.org/mime/-/mime-1.2.11.tgz",
              "resolved": "https://registry.npmjs.org/mime/-/mime-1.2.11.tgz"
            }
          }
        },
        "serve-static": {
          "version": "1.2.3",
          "from": "https://registry.npmjs.org/serve-static/-/serve-static-1.2.3.tgz",
          "resolved": "https://registry.npmjs.org/serve-static/-/serve-static-1.2.3.tgz"
        },
        "type-is": {
          "version": "1.2.1",
          "from": "https://registry.npmjs.org/type-is/-/type-is-1.2.1.tgz",
          "resolved": "https://registry.npmjs.org/type-is/-/type-is-1.2.1.tgz",
          "dependencies": {
            "mime-types": {
              "version": "1.0.0",
              "from": "https://registry.npmjs.org/mime-types/-/mime-types-1.0.0.tgz",
              "resolved": "https://registry.npmjs.org/mime-types/-/mime-types-1.0.0.tgz"
            }
          }
        },
        "vary": {
          "version": "0.1.0",
          "from": "https://registry.npmjs.org/vary/-/vary-0.1.0.tgz",
          "resolved": "https://registry.npmjs.org/vary/-/vary-0.1.0.tgz"
        },
        "cookie": {
          "version": "0.1.2",
          "from": "https://registry.npmjs.org/cookie/-/cookie-0.1.2.tgz",
          "resolved": "https://registry.npmjs.org/cookie/-/cookie-0.1.2.tgz"
        },
        "fresh": {
          "version": "0.2.2",
          "from": "https://registry.npmjs.org/fresh/-/fresh-0.2.2.tgz",
          "resolved": "https://registry.npmjs.org/fresh/-/fresh-0.2.2.tgz"
        },
        "cookie-signature": {
          "version": "1.0.3",
          "from": "https://registry.npmjs.org/cookie-signature/-/cookie-signature-1.0.3.tgz",
          "resolved": "https://registry.npmjs.org/cookie-signature/-/cookie-signature-1.0.3.tgz"
        },
        "merge-descriptors": {
          "version": "0.0.2",
          "from": "https://registry.npmjs.org/merge-descriptors/-/merge-descriptors-0.0.2.tgz",
          "resolved": "https://registry.npmjs.org/merge-descriptors/-/merge-descriptors-0.0.2.tgz"
        },
        "utils-merge": {
          "version": "1.0.0",
          "from": "https://registry.npmjs.org/utils-merge/-/utils-merge-1.0.0.tgz",
          "resolved": "https://registry.npmjs.org/utils-merge/-/utils-merge-1.0.0.tgz"
        },
        "qs": {
          "version": "0.6.6",
          "from": "https://registry.npmjs.org/qs/-/qs-0.6.6.tgz",
          "resolved": "https://registry.npmjs.org/qs/-/qs-0.6.6.tgz"
        },
        "path-to-regexp": {
          "version": "0.1.2",
          "from": "https://registry.npmjs.org/path-to-regexp/-/path-to-regexp-0.1.2.tgz",
          "resolved": "https://registry.npmjs.org/path-to-regexp/-/path-to-regexp-0.1.2.tgz"
        }
      }
    },
    "hat": {
      "version": "0.0.3",
      "from": "hat@0.0.3",
      "resolved": "https://registry.npmjs.org/hat/-/hat-0.0.3.tgz"
    },
    "ipv6": {
      "version": "3.1.1",
      "from": "ipv6@3.1.1",
      "dependencies": {
        "sprintf": {
          "version": "0.1.3",
          "from": "sprintf@0.1.3",
          "resolved": "https://registry.npmjs.org/sprintf/-/sprintf-0.1.3.tgz"
        },
        "cli": {
          "version": "0.4.5",
          "from": "cli@0.4.5",
          "resolved": "https://registry.npmjs.org/cli/-/cli-0.4.5.tgz",
          "dependencies": {
            "glob": {
              "version": "4.0.2",
              "from": "glob@4.0.2",
              "resolved": "https://registry.npmjs.org/glob/-/glob-4.0.2.tgz",
              "dependencies": {
                "inherits": {
                  "version": "2.0.1",
                  "from": "inherits@2.0.1"
                },
                "minimatch": {
                  "version": "0.3.0",
                  "from": "minimatch@0.3.0",
                  "resolved": "https://registry.npmjs.org/minimatch/-/minimatch-0.3.0.tgz",
                  "dependencies": {
                    "lru-cache": {
                      "version": "2.5.0",
                      "from": "lru-cache@2.5.0",
                      "resolved": "https://registry.npmjs.org/lru-cache/-/lru-cache-2.5.0.tgz"
                    },
                    "sigmund": {
                      "version": "1.0.0",
                      "from": "sigmund@1.0.0"
                    }
                  }
                },
                "once": {
                  "version": "1.3.0",
                  "from": "once@1.3.0"
                }
              }
            }
          }
        },
        "cliff": {
          "version": "0.1.8",
          "from": "cliff@0.1.8",
          "resolved": "https://registry.npmjs.org/cliff/-/cliff-0.1.8.tgz",
          "dependencies": {
            "colors": {
              "version": "0.6.2",
              "from": "colors@0.6.2",
              "resolved": "https://registry.npmjs.org/colors/-/colors-0.6.2.tgz"
            },
            "eyes": {
              "version": "0.1.8",
              "from": "eyes@0.1.8",
              "resolved": "https://registry.npmjs.org/eyes/-/eyes-0.1.8.tgz"
            },
            "winston": {
              "version": "0.6.2",
              "from": "winston@0.6.2",
              "resolved": "https://registry.npmjs.org/winston/-/winston-0.6.2.tgz",
              "dependencies": {
                "async": {
                  "version": "0.1.22",
                  "from": "async@0.1.22",
                  "resolved": "https://registry.npmjs.org/async/-/async-0.1.22.tgz"
                },
                "cycle": {
                  "version": "1.0.3",
                  "from": "cycle@1.0.3"
                },
                "pkginfo": {
                  "version": "0.2.3",
                  "from": "pkginfo@0.2.3",
                  "resolved": "https://registry.npmjs.org/pkginfo/-/pkginfo-0.2.3.tgz"
                },
                "request": {
                  "version": "2.9.203",
                  "from": "request@2.9.203",
                  "resolved": "https://registry.npmjs.org/request/-/request-2.9.203.tgz"
                },
                "stack-trace": {
                  "version": "0.0.9",
                  "from": "stack-trace@0.0.9",
                  "resolved": "https://registry.npmjs.org/stack-trace/-/stack-trace-0.0.9.tgz"
                }
              }
            }
          }
        }
      }
    },
    "jsondiffpatch": {
      "version": "0.1.7",
      "from": "https://registry.npmjs.org/jsondiffpatch/-/jsondiffpatch-0.1.7.tgz",
      "resolved": "https://registry.npmjs.org/jsondiffpatch/-/jsondiffpatch-0.1.7.tgz",
      "dependencies": {
        "chalk": {
          "version": "0.4.0",
          "from": "chalk@0.4.0",
          "resolved": "https://registry.npmjs.org/chalk/-/chalk-0.4.0.tgz",
          "dependencies": {
            "has-color": {
              "version": "0.1.7",
              "from": "has-color@0.1.7",
              "resolved": "https://registry.npmjs.org/has-color/-/has-color-0.1.7.tgz"
            },
            "ansi-styles": {
              "version": "1.0.0",
              "from": "ansi-styles@1.0.0",
              "resolved": "https://registry.npmjs.org/ansi-styles/-/ansi-styles-1.0.0.tgz"
            },
            "strip-ansi": {
              "version": "0.1.1",
              "from": "strip-ansi@0.1.1",
              "resolved": "https://registry.npmjs.org/strip-ansi/-/strip-ansi-0.1.1.tgz"
            }
          }
        }
      }
    },
    "ldapjs": {
      "version": "0.7.1",
      "from": "ldapjs@0.7.1",
      "resolved": "https://registry.npmjs.org/ldapjs/-/ldapjs-0.7.1.tgz",
      "dependencies": {
        "asn1": {
          "version": "0.2.1",
          "from": "https://registry.npmjs.org/asn1/-/asn1-0.2.1.tgz",
          "resolved": "https://registry.npmjs.org/asn1/-/asn1-0.2.1.tgz"
        },
        "assert-plus": {
          "version": "0.1.5",
          "from": "https://registry.npmjs.org/assert-plus/-/assert-plus-0.1.5.tgz",
          "resolved": "https://registry.npmjs.org/assert-plus/-/assert-plus-0.1.5.tgz"
        },
        "bunyan": {
          "version": "0.22.1",
          "from": "https://registry.npmjs.org/bunyan/-/bunyan-0.22.1.tgz",
          "resolved": "https://registry.npmjs.org/bunyan/-/bunyan-0.22.1.tgz",
          "dependencies": {
            "mv": {
              "version": "0.0.5",
              "from": "https://registry.npmjs.org/mv/-/mv-0.0.5.tgz",
              "resolved": "https://registry.npmjs.org/mv/-/mv-0.0.5.tgz"
            }
          }
        },
        "nopt": {
          "version": "2.1.1",
          "from": "https://registry.npmjs.org/nopt/-/nopt-2.1.1.tgz",
          "resolved": "https://registry.npmjs.org/nopt/-/nopt-2.1.1.tgz",
          "dependencies": {
            "abbrev": {
              "version": "1.0.5",
              "from": "abbrev@1.0.5",
              "resolved": "https://registry.npmjs.org/abbrev/-/abbrev-1.0.5.tgz"
            }
          }
        },
        "pooling": {
          "version": "0.4.6",
          "from": "https://registry.npmjs.org/pooling/-/pooling-0.4.6.tgz",
          "resolved": "https://registry.npmjs.org/pooling/-/pooling-0.4.6.tgz",
          "dependencies": {
            "once": {
              "version": "1.3.0",
              "from": "once@1.3.0"
            },
            "vasync": {
              "version": "1.4.0",
              "from": "https://registry.npmjs.org/vasync/-/vasync-1.4.0.tgz",
              "resolved": "https://registry.npmjs.org/vasync/-/vasync-1.4.0.tgz",
              "dependencies": {
                "jsprim": {
                  "version": "0.3.0",
                  "from": "https://registry.npmjs.org/jsprim/-/jsprim-0.3.0.tgz",
                  "resolved": "https://registry.npmjs.org/jsprim/-/jsprim-0.3.0.tgz",
                  "dependencies": {
                    "extsprintf": {
                      "version": "1.0.0",
                      "from": "https://registry.npmjs.org/extsprintf/-/extsprintf-1.0.0.tgz",
                      "resolved": "https://registry.npmjs.org/extsprintf/-/extsprintf-1.0.0.tgz"
                    },
                    "json-schema": {
                      "version": "0.2.2",
                      "from": "https://registry.npmjs.org/json-schema/-/json-schema-0.2.2.tgz",
                      "resolved": "https://registry.npmjs.org/json-schema/-/json-schema-0.2.2.tgz"
                    },
                    "verror": {
                      "version": "1.3.3",
                      "from": "https://registry.npmjs.org/verror/-/verror-1.3.3.tgz",
                      "resolved": "https://registry.npmjs.org/verror/-/verror-1.3.3.tgz"
                    }
                  }
                },
                "verror": {
                  "version": "1.1.0",
                  "from": "https://registry.npmjs.org/verror/-/verror-1.1.0.tgz",
                  "resolved": "https://registry.npmjs.org/verror/-/verror-1.1.0.tgz",
                  "dependencies": {
                    "extsprintf": {
                      "version": "1.0.0",
                      "from": "https://registry.npmjs.org/extsprintf/-/extsprintf-1.0.0.tgz",
                      "resolved": "https://registry.npmjs.org/extsprintf/-/extsprintf-1.0.0.tgz"
                    }
                  }
                }
              }
            }
          }
        },
        "dtrace-provider": {
          "version": "0.2.8",
          "from": "dtrace-provider@0.2.8"
        }
      }
    },
    "mongoose": {
      "version": "3.8.12",
      "from": "https://registry.npmjs.org/mongoose/-/mongoose-3.8.12.tgz",
      "resolved": "https://registry.npmjs.org/mongoose/-/mongoose-3.8.12.tgz",
      "dependencies": {
        "mongodb": {
          "version": "1.4.5",
          "from": "https://registry.npmjs.org/mongodb/-/mongodb-1.4.5.tgz",
          "resolved": "https://registry.npmjs.org/mongodb/-/mongodb-1.4.5.tgz",
          "dependencies": {
            "bson": {
              "version": "0.2.8",
              "from": "https://registry.npmjs.org/bson/-/bson-0.2.8.tgz",
              "resolved": "https://registry.npmjs.org/bson/-/bson-0.2.8.tgz",
              "dependencies": {
                "nan": {
                  "version": "1.0.0",
                  "from": "https://registry.npmjs.org/nan/-/nan-1.0.0.tgz",
                  "resolved": "https://registry.npmjs.org/nan/-/nan-1.0.0.tgz"
                }
              }
            },
            "kerberos": {
              "version": "0.0.3",
              "from": "https://registry.npmjs.org/kerberos/-/kerberos-0.0.3.tgz",
              "resolved": "https://registry.npmjs.org/kerberos/-/kerberos-0.0.3.tgz"
            },
            "readable-stream": {
              "version": "1.0.27-1",
              "from": "https://registry.npmjs.org/readable-stream/-/readable-stream-1.0.27-1.tgz",
              "resolved": "https://registry.npmjs.org/readable-stream/-/readable-stream-1.0.27-1.tgz",
              "dependencies": {
                "core-util-is": {
                  "version": "1.0.1",
                  "from": "core-util-is@1.0.1",
                  "resolved": "https://registry.npmjs.org/core-util-is/-/core-util-is-1.0.1.tgz"
                },
                "isarray": {
                  "version": "0.0.1",
                  "from": "https://registry.npmjs.org/isarray/-/isarray-0.0.1.tgz",
                  "resolved": "https://registry.npmjs.org/isarray/-/isarray-0.0.1.tgz"
                },
                "string_decoder": {
                  "version": "0.10.25-1",
                  "from": "string_decoder@0.10.25-1",
                  "resolved": "https://registry.npmjs.org/string_decoder/-/string_decoder-0.10.25-1.tgz"
                },
                "inherits": {
                  "version": "2.0.1",
                  "from": "inherits@2.0.1"
                }
              }
            }
          }
        },
        "hooks": {
          "version": "0.2.1",
          "from": "hooks@0.2.1"
        },
        "ms": {
          "version": "0.1.0",
          "from": "https://registry.npmjs.org/ms/-/ms-0.1.0.tgz",
          "resolved": "https://registry.npmjs.org/ms/-/ms-0.1.0.tgz"
        },
        "sliced": {
          "version": "0.0.5",
          "from": "https://registry.npmjs.org/sliced/-/sliced-0.0.5.tgz",
          "resolved": "https://registry.npmjs.org/sliced/-/sliced-0.0.5.tgz"
        },
        "muri": {
          "version": "0.3.1",
          "from": "muri@0.3.1"
        },
        "mpromise": {
          "version": "0.4.3",
          "from": "mpromise@0.4.3"
        },
        "mpath": {
          "version": "0.1.1",
          "from": "https://registry.npmjs.org/mpath/-/mpath-0.1.1.tgz",
          "resolved": "https://registry.npmjs.org/mpath/-/mpath-0.1.1.tgz"
        },
        "regexp-clone": {
          "version": "0.0.1",
          "from": "https://registry.npmjs.org/regexp-clone/-/regexp-clone-0.0.1.tgz",
          "resolved": "https://registry.npmjs.org/regexp-clone/-/regexp-clone-0.0.1.tgz"
        },
        "mquery": {
          "version": "0.7.0",
          "from": "https://registry.npmjs.org/mquery/-/mquery-0.7.0.tgz",
          "resolved": "https://registry.npmjs.org/mquery/-/mquery-0.7.0.tgz",
          "dependencies": {
            "debug": {
              "version": "0.7.4",
              "from": "https://registry.npmjs.org/debug/-/debug-0.7.4.tgz",
              "resolved": "https://registry.npmjs.org/debug/-/debug-0.7.4.tgz"
            }
          }
        }
      }
    },
    "nconf": {
      "version": "0.6.9",
      "from": "nconf@0.6.9",
      "resolved": "https://registry.npmjs.org/nconf/-/nconf-0.6.9.tgz",
      "dependencies": {
        "async": {
          "version": "0.2.9",
          "from": "https://registry.npmjs.org/async/-/async-0.2.9.tgz",
          "resolved": "https://registry.npmjs.org/async/-/async-0.2.9.tgz"
        },
        "ini": {
          "version": "1.2.1",
          "from": "ini@1.2.1",
          "resolved": "https://registry.npmjs.org/ini/-/ini-1.2.1.tgz"
        },
        "optimist": {
          "version": "0.6.0",
          "from": "https://registry.npmjs.org/optimist/-/optimist-0.6.0.tgz",
          "resolved": "https://registry.npmjs.org/optimist/-/optimist-0.6.0.tgz",
          "dependencies": {
            "wordwrap": {
              "version": "0.0.2",
              "from": "wordwrap@0.0.2"
            },
            "minimist": {
              "version": "0.0.10",
              "from": "minimist@0.0.10",
              "resolved": "https://registry.npmjs.org/minimist/-/minimist-0.0.10.tgz"
            }
          }
        },
        "vows": {
          "version": "0.7.0",
          "from": "https://registry.npmjs.org/vows/-/vows-0.7.0.tgz",
          "resolved": "https://registry.npmjs.org/vows/-/vows-0.7.0.tgz",
          "dependencies": {
            "eyes": {
              "version": "0.1.8",
              "from": "eyes@0.1.8",
              "resolved": "https://registry.npmjs.org/eyes/-/eyes-0.1.8.tgz"
            },
            "diff": {
              "version": "1.0.8",
              "from": "diff@1.0.8",
              "resolved": "https://registry.npmjs.org/diff/-/diff-1.0.8.tgz"
            }
          }
        }
      }
    },
    "passport": {
      "version": "0.2.0",
      "from": "passport@0.2.0",
      "resolved": "https://registry.npmjs.org/passport/-/passport-0.2.0.tgz",
      "dependencies": {
        "passport-strategy": {
          "version": "1.0.0",
          "from": "passport-strategy@1.0.0"
        },
        "pause": {
          "version": "0.0.1",
          "from": "pause@0.0.1"
        }
      }
    },
    "passport-http": {
      "version": "0.2.2",
      "from": "passport-http@0.2.2",
      "dependencies": {
        "pkginfo": {
          "version": "0.2.3",
          "from": "pkginfo@0.2.3",
          "resolved": "https://registry.npmjs.org/pkginfo/-/pkginfo-0.2.3.tgz"
        },
        "passport": {
          "version": "0.1.18",
          "from": "passport@0.1.18",
          "resolved": "https://registry.npmjs.org/passport/-/passport-0.1.18.tgz",
          "dependencies": {
            "pause": {
              "version": "0.0.1",
              "from": "pause@0.0.1"
            }
          }
        }
      }
    },
    "raw-body": {
      "version": "1.2.2",
      "from": "https://registry.npmjs.org/raw-body/-/raw-body-1.2.2.tgz",
      "resolved": "https://registry.npmjs.org/raw-body/-/raw-body-1.2.2.tgz",
      "dependencies": {
        "bytes": {
          "version": "1.0.0",
          "from": "bytes@1.0.0"
        },
        "iconv-lite": {
          "version": "0.4.3",
          "from": "https://registry.npmjs.org/iconv-lite/-/iconv-lite-0.4.3.tgz",
          "resolved": "https://registry.npmjs.org/iconv-lite/-/iconv-lite-0.4.3.tgz"
        }
      }
    },
    "request": {
      "version": "2.36.0",
      "from": "https://registry.npmjs.org/request/-/request-2.36.0.tgz",
      "resolved": "https://registry.npmjs.org/request/-/request-2.36.0.tgz",
      "dependencies": {
        "qs": {
          "version": "0.6.6",
          "from": "https://registry.npmjs.org/qs/-/qs-0.6.6.tgz",
          "resolved": "https://registry.npmjs.org/qs/-/qs-0.6.6.tgz"
        },
        "json-stringify-safe": {
          "version": "5.0.0",
          "from": "json-stringify-safe@5.0.0"
        },
        "mime": {
          "version": "1.2.11",
          "from": "https://registry.npmjs.org/mime/-/mime-1.2.11.tgz",
          "resolved": "https://registry.npmjs.org/mime/-/mime-1.2.11.tgz"
        },
        "forever-agent": {
          "version": "0.5.2",
          "from": "forever-agent@0.5.2"
        },
        "node-uuid": {
          "version": "1.4.1",
          "from": "node-uuid@1.4.1",
          "resolved": "https://registry.npmjs.org/node-uuid/-/node-uuid-1.4.1.tgz"
        },
        "tough-cookie": {
          "version": "0.12.1",
          "from": "tough-cookie@0.12.1",
          "resolved": "https://registry.npmjs.org/tough-cookie/-/tough-cookie-0.12.1.tgz",
          "dependencies": {
            "punycode": {
              "version": "1.2.4",
              "from": "punycode@1.2.4"
            }
          }
        },
        "form-data": {
          "version": "0.1.4",
          "from": "https://registry.npmjs.org/form-data/-/form-data-0.1.4.tgz",
          "resolved": "https://registry.npmjs.org/form-data/-/form-data-0.1.4.tgz",
          "dependencies": {
            "combined-stream": {
              "version": "0.0.5",
              "from": "https://registry.npmjs.org/combined-stream/-/combined-stream-0.0.5.tgz",
              "resolved": "https://registry.npmjs.org/combined-stream/-/combined-stream-0.0.5.tgz",
              "dependencies": {
                "delayed-stream": {
                  "version": "0.0.5",
                  "from": "delayed-stream@0.0.5"
                }
              }
            }
          }
        },
        "tunnel-agent": {
          "version": "0.4.0",
          "from": "https://registry.npmjs.org/tunnel-agent/-/tunnel-agent-0.4.0.tgz",
          "resolved": "https://registry.npmjs.org/tunnel-agent/-/tunnel-agent-0.4.0.tgz"
        },
        "http-signature": {
          "version": "0.10.0",
          "from": "http-signature@0.10.0",
          "resolved": "https://registry.npmjs.org/http-signature/-/http-signature-0.10.0.tgz",
          "dependencies": {
            "assert-plus": {
              "version": "0.1.2",
              "from": "https://registry.npmjs.org/assert-plus/-/assert-plus-0.1.2.tgz",
              "resolved": "https://registry.npmjs.org/assert-plus/-/assert-plus-0.1.2.tgz"
            },
            "asn1": {
              "version": "0.1.11",
              "from": "https://registry.npmjs.org/asn1/-/asn1-0.1.11.tgz",
              "resolved": "https://registry.npmjs.org/asn1/-/asn1-0.1.11.tgz"
            },
            "ctype": {
              "version": "0.5.2",
              "from": "https://registry.npmjs.org/ctype/-/ctype-0.5.2.tgz",
              "resolved": "https://registry.npmjs.org/ctype/-/ctype-0.5.2.tgz"
            }
          }
        },
        "oauth-sign": {
          "version": "0.3.0",
          "from": "oauth-sign@0.3.0"
        },
        "hawk": {
          "version": "1.0.0",
          "from": "hawk@1.0.0",
          "dependencies": {
            "hoek": {
              "version": "0.9.1",
              "from": "hoek@0.9.1",
              "resolved": "https://registry.npmjs.org/hoek/-/hoek-0.9.1.tgz"
            },
            "boom": {
              "version": "0.4.2",
              "from": "boom@0.4.2",
              "resolved": "https://registry.npmjs.org/boom/-/boom-0.4.2.tgz"
            },
            "cryptiles": {
              "version": "0.2.2",
              "from": "cryptiles@0.2.2"
            },
            "sntp": {
              "version": "0.2.4",
              "from": "sntp@0.2.4"
            }
          }
        },
        "aws-sign2": {
          "version": "0.5.0",
          "from": "aws-sign2@0.5.0"
        }
      }
    }
  }
}
