{
  "name": "SIS",
  "version": "1.0.3",
  "dependencies": {
    "async": {
      "version": "0.7.0",
      "from": "async@>= 0.2.9"
    },
    "body-parser": {
      "version": "1.0.1",
      "from": "body-parser@",
      "resolved": "https://registry.npmjs.org/body-parser/-/body-parser-1.0.1.tgz",
      "dependencies": {
        "qs": {
          "version": "0.6.6",
          "from": "qs@~0.6.6"
        }
      }
    },
    "express": {
      "version": "4.0.0",
      "from": "express@>= 3.4.x",
      "resolved": "https://registry.npmjs.org/express/-/express-4.0.0.tgz",
      "dependencies": {
        "parseurl": {
          "version": "1.0.1",
          "from": "parseurl@1.0.1",
          "resolved": "https://registry.npmjs.org/parseurl/-/parseurl-1.0.1.tgz"
        },
        "accepts": {
          "version": "1.0.0",
          "from": "accepts@1.0.0",
          "resolved": "https://registry.npmjs.org/accepts/-/accepts-1.0.0.tgz",
          "dependencies": {
            "mime": {
              "version": "1.2.11",
              "from": "mime@~1.2.11"
            },
            "negotiator": {
              "version": "0.3.0",
              "from": "negotiator@~0.3.0"
            }
          }
        },
        "type-is": {
          "version": "1.0.0",
          "from": "type-is@1.0.0",
          "resolved": "https://registry.npmjs.org/type-is/-/type-is-1.0.0.tgz",
          "dependencies": {
            "mime": {
              "version": "1.2.11",
              "from": "mime@~1.2.11"
            }
          }
        },
        "range-parser": {
          "version": "1.0.0",
          "from": "range-parser@1.0.0",
          "resolved": "https://registry.npmjs.org/range-parser/-/range-parser-1.0.0.tgz"
        },
        "cookie": {
          "version": "0.1.0",
          "from": "cookie@0.1.0"
        },
        "buffer-crc32": {
          "version": "0.2.1",
          "from": "buffer-crc32@0.2.1",
          "resolved": "https://registry.npmjs.org/buffer-crc32/-/buffer-crc32-0.2.1.tgz"
        },
        "fresh": {
          "version": "0.2.2",
          "from": "fresh@0.2.2",
          "resolved": "https://registry.npmjs.org/fresh/-/fresh-0.2.2.tgz"
        },
        "methods": {
          "version": "0.1.0",
          "from": "methods@0.1.0"
        },
        "send": {
          "version": "0.2.0",
          "from": "send@0.2.0",
          "resolved": "https://registry.npmjs.org/send/-/send-0.2.0.tgz",
          "dependencies": {
            "mime": {
              "version": "1.2.11",
              "from": "mime@~1.2.9"
            }
          }
        },
        "cookie-signature": {
          "version": "1.0.3",
          "from": "cookie-signature@1.0.3",
          "resolved": "https://registry.npmjs.org/cookie-signature/-/cookie-signature-1.0.3.tgz"
        },
        "merge-descriptors": {
          "version": "0.0.2",
          "from": "merge-descriptors@0.0.2",
          "resolved": "https://registry.npmjs.org/merge-descriptors/-/merge-descriptors-0.0.2.tgz"
        },
        "utils-merge": {
          "version": "1.0.0",
          "from": "utils-merge@1.0.0",
          "resolved": "https://registry.npmjs.org/utils-merge/-/utils-merge-1.0.0.tgz"
        },
        "escape-html": {
          "version": "1.0.1",
          "from": "escape-html@1.0.1",
          "resolved": "https://registry.npmjs.org/escape-html/-/escape-html-1.0.1.tgz"
        },
        "qs": {
          "version": "0.6.6",
          "from": "qs@0.6.6"
        },
        "serve-static": {
          "version": "1.0.1",
          "from": "serve-static@1.0.1",
          "resolved": "https://registry.npmjs.org/serve-static/-/serve-static-1.0.1.tgz",
          "dependencies": {
            "send": {
              "version": "0.1.4",
              "from": "send@0.1.4",
              "resolved": "https://registry.npmjs.org/send/-/send-0.1.4.tgz",
              "dependencies": {
                "mime": {
                  "version": "1.2.11",
                  "from": "mime@~1.2.9"
                },
                "fresh": {
                  "version": "0.2.0",
                  "from": "fresh@0.2.0",
                  "resolved": "https://registry.npmjs.org/fresh/-/fresh-0.2.0.tgz"
                },
                "range-parser": {
                  "version": "0.0.4",
                  "from": "range-parser@0.0.4",
                  "resolved": "https://registry.npmjs.org/range-parser/-/range-parser-0.0.4.tgz"
                }
              }
            }
          }
        },
        "path-to-regexp": {
          "version": "0.1.2",
          "from": "path-to-regexp@0.1.2",
          "resolved": "https://registry.npmjs.org/path-to-regexp/-/path-to-regexp-0.1.2.tgz"
        },
        "debug": {
          "version": "0.8.0",
          "from": "debug@>= 0.7.3 < 1"
        }
      }
    },
    "hat": {
      "version": "0.0.3",
      "from": "hat@>= 0.0.3"
    },
    "ipv6": {
      "version": "3.1.1",
      "from": "ipv6@>= 3.0.0",
      "dependencies": {
        "sprintf": {
          "version": "0.1.3",
          "from": "sprintf@0.1.x"
        },
        "cli": {
          "version": "0.4.5",
          "from": "cli@0.4.x",
          "dependencies": {
            "glob": {
              "version": "3.2.9",
              "from": "glob@>= 3.1.4",
              "dependencies": {
                "minimatch": {
                  "version": "0.2.14",
                  "from": "minimatch@~0.2.11",
                  "dependencies": {
                    "lru-cache": {
                      "version": "2.5.0",
                      "from": "lru-cache@2"
                    },
                    "sigmund": {
                      "version": "1.0.0",
                      "from": "sigmund@~1.0.0"
                    }
                  }
                },
                "inherits": {
                  "version": "2.0.1",
                  "from": "inherits@2"
                }
              }
            }
          }
        },
        "cliff": {
          "version": "0.1.8",
          "from": "cliff@0.1.x",
          "dependencies": {
            "colors": {
              "version": "0.6.2",
              "from": "colors@0.x.x"
            },
            "eyes": {
              "version": "0.1.8",
              "from": "eyes@0.1.x"
            },
            "winston": {
              "version": "0.6.2",
              "from": "winston@0.6.x",
              "dependencies": {
                "async": {
                  "version": "0.1.22",
                  "from": "async@0.1.x"
                },
                "cycle": {
                  "version": "1.0.3",
                  "from": "cycle@1.0.x"
                },
                "pkginfo": {
                  "version": "0.2.3",
                  "from": "pkginfo@0.2.x"
                },
                "request": {
                  "version": "2.9.203",
                  "from": "request@2.9.x"
                },
                "stack-trace": {
                  "version": "0.0.9",
                  "from": "stack-trace@0.0.x"
                }
              }
            }
          }
        }
      }
    },
    "jsondiffpatch": {
      "version": "0.1.5",
      "from": "jsondiffpatch@>= 0.0.7",
      "dependencies": {
        "chalk": {
          "version": "0.4.0",
          "from": "chalk@~0.4.0",
          "dependencies": {
            "has-color": {
              "version": "0.1.5",
              "from": "has-color@~0.1.0"
            },
            "ansi-styles": {
              "version": "1.0.0",
              "from": "ansi-styles@~1.0.0"
            },
            "strip-ansi": {
              "version": "0.1.1",
              "from": "strip-ansi@~0.1.0"
            }
          }
        }
      }
    },
    "ldapjs": {
      "version": "0.7.1",
      "from": "ldapjs@>= 0.7.0",
      "dependencies": {
        "asn1": {
          "version": "0.2.1",
          "from": "asn1@0.2.1",
          "resolved": "https://registry.npmjs.org/asn1/-/asn1-0.2.1.tgz"
        },
        "assert-plus": {
          "version": "0.1.5",
          "from": "assert-plus@0.1.5",
          "resolved": "https://registry.npmjs.org/assert-plus/-/assert-plus-0.1.5.tgz"
        },
        "bunyan": {
          "version": "0.22.1",
          "from": "bunyan@0.22.1",
          "dependencies": {
            "mv": {
              "version": "0.0.5",
              "from": "mv@0.0.5",
              "resolved": "https://registry.npmjs.org/mv/-/mv-0.0.5.tgz"
            }
          }
        },
        "nopt": {
          "version": "2.1.1",
          "from": "nopt@2.1.1",
          "dependencies": {
            "abbrev": {
              "version": "1.0.4",
              "from": "abbrev@1"
            }
          }
        },
        "pooling": {
          "version": "0.4.6",
          "from": "pooling@0.4.6",
          "resolved": "https://registry.npmjs.org/pooling/-/pooling-0.4.6.tgz",
          "dependencies": {
            "once": {
              "version": "1.3.0",
              "from": "once@1.3.0"
            },
            "vasync": {
              "version": "1.4.0",
              "from": "vasync@1.4.0",
              "resolved": "https://registry.npmjs.org/vasync/-/vasync-1.4.0.tgz",
              "dependencies": {
                "jsprim": {
                  "version": "0.3.0",
                  "from": "jsprim@0.3.0",
                  "resolved": "https://registry.npmjs.org/jsprim/-/jsprim-0.3.0.tgz",
                  "dependencies": {
                    "extsprintf": {
                      "version": "1.0.0",
                      "from": "extsprintf@1.0.0",
                      "resolved": "https://registry.npmjs.org/extsprintf/-/extsprintf-1.0.0.tgz"
                    },
                    "json-schema": {
                      "version": "0.2.2",
                      "from": "json-schema@0.2.2",
                      "resolved": "https://registry.npmjs.org/json-schema/-/json-schema-0.2.2.tgz"
                    },
                    "verror": {
                      "version": "1.3.3",
                      "from": "verror@1.3.3",
                      "resolved": "https://registry.npmjs.org/verror/-/verror-1.3.3.tgz"
                    }
                  }
                },
                "verror": {
                  "version": "1.1.0",
                  "from": "verror@1.1.0",
                  "resolved": "https://registry.npmjs.org/verror/-/verror-1.1.0.tgz",
                  "dependencies": {
                    "extsprintf": {
                      "version": "1.0.0",
                      "from": "extsprintf@1.0.0",
                      "resolved": "https://registry.npmjs.org/extsprintf/-/extsprintf-1.0.0.tgz"
                    }
                  }
                }
              }
            }
          }
        },
        "dtrace-provider": {
          "version": "0.2.8",
          "from": "dtrace-provider@0.2.8"
        }
      }
    },
    "mongoose": {
      "version": "3.8.8",
      "from": "mongoose@>= 3.6.20",
      "dependencies": {
        "hooks": {
          "version": "0.2.1",
          "from": "hooks@0.2.1"
        },
        "mongodb": {
          "version": "1.3.23",
          "from": "mongodb@1.3.23",
          "resolved": "https://registry.npmjs.org/mongodb/-/mongodb-1.3.23.tgz",
          "dependencies": {
            "bson": {
              "version": "0.2.5",
              "from": "bson@0.2.5",
              "resolved": "https://registry.npmjs.org/bson/-/bson-0.2.5.tgz"
            },
            "kerberos": {
              "version": "0.0.3",
              "from": "kerberos@0.0.3",
              "resolved": "https://registry.npmjs.org/kerberos/-/kerberos-0.0.3.tgz"
            }
          }
        },
        "ms": {
          "version": "0.1.0",
          "from": "ms@0.1.0"
        },
        "sliced": {
          "version": "0.0.5",
          "from": "sliced@0.0.5",
          "resolved": "https://registry.npmjs.org/sliced/-/sliced-0.0.5.tgz"
        },
        "muri": {
          "version": "0.3.1",
          "from": "muri@0.3.1"
        },
        "mpromise": {
          "version": "0.4.3",
          "from": "mpromise@0.4.3"
        },
        "mpath": {
          "version": "0.1.1",
          "from": "mpath@0.1.1"
        },
        "regexp-clone": {
          "version": "0.0.1",
          "from": "regexp-clone@0.0.1"
        },
        "mquery": {
          "version": "0.5.3",
          "from": "mquery@0.5.3",
          "resolved": "https://registry.npmjs.org/mquery/-/mquery-0.5.3.tgz",
          "dependencies": {
            "debug": {
              "version": "0.7.4",
              "from": "debug@0.7.4",
              "resolved": "https://registry.npmjs.org/debug/-/debug-0.7.4.tgz"
            }
          }
        }
      }
    },
    "nconf": {
      "version": "0.6.9",
      "from": "nconf@>= 0.6.7",
      "dependencies": {
        "async": {
          "version": "0.2.9",
          "from": "async@0.2.9",
          "resolved": "https://registry.npmjs.org/async/-/async-0.2.9.tgz"
        },
        "ini": {
          "version": "1.1.0",
          "from": "ini@1.x.x"
        },
        "optimist": {
          "version": "0.6.0",
          "from": "optimist@0.6.0",
          "dependencies": {
            "wordwrap": {
              "version": "0.0.2",
              "from": "wordwrap@~0.0.2"
            },
            "minimist": {
              "version": "0.0.8",
              "from": "minimist@~0.0.1"
            }
          }
        }
      }
    },
    "passport": {
      "version": "0.2.0",
      "from": "passport@>= 0.1.17",
      "dependencies": {
        "passport-strategy": {
          "version": "1.0.0",
          "from": "passport-strategy@1.x.x"
        },
        "pause": {
          "version": "0.0.1",
          "from": "pause@0.0.1"
        }
      }
    },
    "passport-http": {
      "version": "0.2.2",
      "from": "passport-http@>= 0.2.2",
      "dependencies": {
        "pkginfo": {
          "version": "0.2.3",
          "from": "pkginfo@0.2.x"
        },
        "passport": {
          "version": "0.1.18",
          "from": "passport@~0.1.3",
          "dependencies": {
            "pause": {
              "version": "0.0.1",
              "from": "pause@0.0.1"
            }
          }
        }
      }
    },
    "q": {
      "version": "1.0.1",
      "from": "q@>= 0.9.7"
    },
    "raw-body": {
      "version": "1.1.3",
      "from": "raw-body@>= 1.1.2",
      "dependencies": {
        "bytes": {
          "version": "0.2.1",
          "from": "bytes@~0.2.1"
        }
      }
    },
    "request": {
      "version": "2.34.0",
      "from": "request@>= 2.27.0",
      "dependencies": {
        "qs": {
          "version": "0.6.6",
          "from": "qs@~0.6.0"
        },
        "json-stringify-safe": {
          "version": "5.0.0",
          "from": "json-stringify-safe@~5.0.0"
        },
        "forever-agent": {
          "version": "0.5.2",
          "from": "forever-agent@~0.5.0"
        },
        "node-uuid": {
          "version": "1.4.1",
          "from": "node-uuid@~1.4.0"
        },
        "mime": {
          "version": "1.2.11",
          "from": "mime@~1.2.9"
        },
        "tough-cookie": {
          "version": "0.12.1",
          "from": "tough-cookie@>=0.12.0",
          "dependencies": {
            "punycode": {
              "version": "1.2.4",
              "from": "punycode@>=0.2.0"
            }
          }
        },
        "form-data": {
          "version": "0.1.2",
          "from": "form-data@~0.1.0",
          "dependencies": {
            "combined-stream": {
              "version": "0.0.4",
              "from": "combined-stream@~0.0.4",
              "dependencies": {
                "delayed-stream": {
                  "version": "0.0.5",
                  "from": "delayed-stream@0.0.5"
                }
              }
            },
            "async": {
              "version": "0.2.10",
              "from": "async@~0.2.9"
            }
          }
        },
        "tunnel-agent": {
          "version": "0.3.0",
          "from": "tunnel-agent@~0.3.0"
        },
        "http-signature": {
          "version": "0.10.0",
          "from": "http-signature@~0.10.0",
          "dependencies": {
            "assert-plus": {
              "version": "0.1.2",
              "from": "assert-plus@0.1.2"
            },
            "asn1": {
              "version": "0.1.11",
              "from": "asn1@0.1.11"
            },
            "ctype": {
              "version": "0.5.2",
              "from": "ctype@0.5.2"
            }
          }
        },
        "oauth-sign": {
          "version": "0.3.0",
          "from": "oauth-sign@~0.3.0"
        },
        "hawk": {
          "version": "1.0.0",
          "from": "hawk@~1.0.0",
          "dependencies": {
            "hoek": {
              "version": "0.9.1",
              "from": "hoek@0.9.x"
            },
            "boom": {
              "version": "0.4.2",
              "from": "boom@0.4.x"
            },
            "cryptiles": {
              "version": "0.2.2",
              "from": "cryptiles@0.2.x"
            },
            "sntp": {
              "version": "0.2.4",
              "from": "sntp@0.2.x"
            }
          }
        },
        "aws-sign2": {
          "version": "0.5.0",
          "from": "aws-sign2@~0.5.0"
        }
      }
    }
  }
}
